{
  "name": "@merncloud/permission-resolver",
  "version": "1.0.13",
  "lockfileVersion": 3,
  "requires": true,
  "packages": {
    "": {
      "name": "@merncloud/permission-resolver",
      "version": "1.0.13",
      "license": "MIT",
      "dependencies": {
        "json-logic-js": "^2.0.2"
      },
      "devDependencies": {
        "@types/json-logic-js": "^2.0.8",
        "typescript": "^5.2.0"
      }
    },
    "node_modules/@types/json-logic-js": {
      "version": "2.0.8",
      "resolved": "https://registry.npmjs.org/@types/json-logic-js/-/json-logic-js-2.0.8.tgz",
      "integrity": "sha512-WgNsDPuTPKYXl0Jh0IfoCoJoAGGYZt5qzpmjuLSEg7r0cKp/kWtWp0HAsVepyPSPyXiHo6uXp/B/kW/2J1fa2Q==",
      "dev": true,
      "license": "MIT"
    },
    "node_modules/json-logic-js": {
      "version": "2.0.5",
      "resolved": "https://registry.npmjs.org/json-logic-js/-/json-logic-js-2.0.5.tgz",
      "integrity": "sha512-rTT2+lqcuUmj4DgWfmzupZqQDA64AdmYqizzMPWj3DxGdfFNsxPpcNVSaTj4l8W2tG/+hg7/mQhxjU3aPacO6g==",
      "license": "MIT"
    },
    "node_modules/typescript": {
      "version": "5.8.2",
      "resolved": "https://registry.npmjs.org/typescript/-/typescript-5.8.2.tgz",
      "integrity": "sha512-aJn6wq13/afZp/jT9QZmwEjDqqvSGp1VT5GVg+f/t6/oVyrgXM6BY1h9BRh/O5p3PlUPAe+WuiEZOmb/49RqoQ==",
      "dev": true,
      "license": "Apache-2.0",
      "bin": {
        "tsc": "bin/tsc",
        "tsserver": "bin/tsserver"
      },
      "engines": {
        "node": ">=14.17"
      }
    }
  }
}
